<?xml version="1.0" encoding="utf-8"?>
<Project ToolsVersion="4.0" xmlns="http://schemas.microsoft.com/developer/msbuild/2003">
  <ItemGroup>
    <Filter Include="Source Files">
      <UniqueIdentifier>{4FC737F1-C7A5-4376-A066-2A32D752A2FF}</UniqueIdentifier>
      <Extensions>cpp;c;cc;cxx;def;odl;idl;hpj;bat;asm;asmx</Extensions>
    </Filter>
    <Filter Include="Header Files">
      <UniqueIdentifier>{93995380-89BD-4b04-88EB-625FBE52EBFB}</UniqueIdentifier>
      <Extensions>h;hh;hpp;hxx;hm;inl;inc;xsd</Extensions>
    </Filter>
    <Filter Include="Resource Files">
      <UniqueIdentifier>{67DA6AB6-F800-4c08-8B7A-83BB121AAD01}</UniqueIdentifier>
      <Extensions>rc;ico;cur;bmp;dlg;rc2;rct;bin;rgs;gif;jpg;jpeg;jpe;resx;tiff;tif;png;wav;mfcribbon-ms</Extensions>
    </Filter>
  </ItemGroup>
  <ItemGroup>
    <ClCompile Include="GameEngine\main.cpp">
      <Filter>Source Files</Filter>
    </ClCompile>
    <ClCompile Include="GameEngine\game.cpp">
      <Filter>Source Files</Filter>
    </ClCompile>
    <ClCompile Include="Renderer\sprite.cpp">
      <Filter>Source Files</Filter>
    </ClCompile>
    <ClCompile Include="GameEngine\camera.cpp">
      <Filter>Source Files</Filter>
    </ClCompile>
    <ClCompile Include="Renderer\graphics_system.cpp">
      <Filter>Source Files</Filter>
    </ClCompile>
    <ClCompile Include="GameEngine\event_system.cpp">
      <Filter>Source Files</Filter>
    </ClCompile>
    <ClCompile Include="Renderer\particle_emitter.cpp">
      <Filter>Source Files</Filter>
    </ClCompile>
    <ClCompile Include="GameEngine\audio_system.cpp">
      <Filter>Source Files</Filter>
    </ClCompile>
    <ClCompile Include="Renderer\particle_system.cpp">
      <Filter>Source Files</Filter>
    </ClCompile>
  </ItemGroup>
  <ItemGroup>
    <ClInclude Include="GameEngine\libs.h">
      <Filter>Header Files</Filter>
    </ClInclude>
    <ClInclude Include="GameEngine\game.hpp">
      <Filter>Header Files</Filter>
    </ClInclude>
    <ClInclude Include="Renderer\sprite.hpp">
      <Filter>Header Files</Filter>
    </ClInclude>
    <ClInclude Include="GameEngine\camera.hpp">
      <Filter>Header Files</Filter>
    </ClInclude>
    <ClInclude Include="Renderer\texture_2d.hpp">
      <Filter>Header Files</Filter>
    </ClInclude>
    <ClInclude Include="Renderer\shader.hpp">
      <Filter>Header Files</Filter>
    </ClInclude>
    <ClInclude Include="Renderer\graphics_system.hpp">
      <Filter>Header Files</Filter>
    </ClInclude>
    <ClInclude Include="GameEngine\input.hpp">
      <Filter>Header Files</Filter>
    </ClInclude>
    <ClInclude Include="GameEngine\event_system.hpp">
      <Filter>Header Files</Filter>
    </ClInclude>
    <ClInclude Include="Renderer\particle_emitter.hpp">
      <Filter>Header Files</Filter>
    </ClInclude>
    <ClInclude Include="GameEngine\audio_system.hpp">
      <Filter>Header Files</Filter>
    </ClInclude>
    <ClInclude Include="Renderer\particle_system.hpp">
      <Filter>Header Files</Filter>
    </ClInclude>
  </ItemGroup>
  <ItemGroup>
    <None Include="Resources\Scripts\dummy.lua" />
    <None Include="Resources\Scripts\object.lua" />
    <None Include="Resources\Scripts\LuaStates\pauseState.lua" />
    <None Include="Resources\Scripts\LuaStates\gameOverState.lua" />
    <None Include="Resources\Shaders\basicShader.frag" />
    <None Include="Resources\Shaders\basicShader.vert" />
    <None Include="Resources\Shaders\2d_shader.vert" />
    <None Include="Resources\Shaders\2d_shader.frag" />
    <None Include="Resources\Scripts\ai.lua" />
    <None Include="Resources\Scripts\background.lua" />
    <None Include="Resources\Shaders\amazing_shader.frag" />
    <None Include="Resources\Shaders\amazing_shader.vert" />
    <None Include="Resources\Scripts\point_light.lua" />
    <None Include="Resources\Shaders\fabulous_shader.vert" />
    <None Include="Resources\Shaders\fabulous_shader.frag" />
  </ItemGroup>
</Project>